
Microsoft Visual Studio Solution File, Format Version 12.00
# Visual Studio Version 17
VisualStudioVersion = 17.9.34616.47
MinimumVisualStudioVersion = 10.0.40219.1
Project("{FAE04EC0-301F-11D3-BF4B-00C04F79EFBC}") = "Calculator", "Calculator\Calculator.csproj", "{B38A60EE-849C-4979-AD92-D1465F92EC7A}"
EndProject
Global
	GlobalSection(SolutionConfigurationPlatforms) = preSolution
		Debug|Any CPU = Debug|Any CPU
		Release|Any CPU = Release|Any CPU
	EndGlobalSection
	GlobalSection(ProjectConfigurationPlatforms) = postSolution
		{B38A60EE-849C-4979-AD92-D1465F92EC7A}.Debug|Any CPU.ActiveCfg = Debug|Any CPU
		{B38A60EE-849C-4979-AD92-D1465F92EC7A}.Debug|Any CPU.Build.0 = Debug|Any CPU
		{B38A60EE-849C-4979-AD92-D1465F92EC7A}.Release|Any CPU.ActiveCfg = Release|Any CPU
		{B38A60EE-849C-4979-AD92-D1465F92EC7A}.Release|Any CPU.Build.0 = Release|Any CPU
	EndGlobalSection
	GlobalSection(SolutionProperties) = preSolution
		HideSolutionNode = FALSE
	EndGlobalSection
	GlobalSection(ExtensibilityGlobals) = postSolution
		SolutionGuid = {325D060F-1761-4DAB-BD9C-FACBAD16A1F0}
	EndGlobalSection
EndGlobal
